
Microsoft Visual Studio Solution File, Format Version 12.00
# Visual Studio 15
VisualStudioVersion = 15.0.27130.2020
MinimumVisualStudioVersion = 10.0.40219.1
Project("{FAE04EC0-301F-11D3-BF4B-00C04F79EFBC}") = "SpringAopStudy", "SpringAopStudy\SpringAopStudy.csproj", "{1B5E3FAE-B6A9-4F32-9A1B-ED31AD96841C}"
EndProject
Global
	GlobalSection(SolutionConfigurationPlatforms) = preSolution
		Debug|Any CPU = Debug|Any CPU
		Release|Any CPU = Release|Any CPU
	EndGlobalSection
	GlobalSection(ProjectConfigurationPlatforms) = postSolution
		{1B5E3FAE-B6A9-4F32-9A1B-ED31AD96841C}.Debug|Any CPU.ActiveCfg = Debug|Any CPU
		{1B5E3FAE-B6A9-4F32-9A1B-ED31AD96841C}.Debug|Any CPU.Build.0 = Debug|Any CPU
		{1B5E3FAE-B6A9-4F32-9A1B-ED31AD96841C}.Release|Any CPU.ActiveCfg = Release|Any CPU
		{1B5E3FAE-B6A9-4F32-9A1B-ED31AD96841C}.Release|Any CPU.Build.0 = Release|Any CPU
	EndGlobalSection
	GlobalSection(SolutionProperties) = preSolution
		HideSolutionNode = FALSE
	EndGlobalSection
	GlobalSection(ExtensibilityGlobals) = postSolution
		SolutionGuid = {B575A2DE-3195-4FEE-95EC-D6F4788739E9}
	EndGlobalSection
EndGlobal
